
Microsoft Visual Studio Solution File, Format Version 12.00
# Visual Studio Version 16
VisualStudioVersion = 16.0.32802.440
MinimumVisualStudioVersion = 10.0.40219.1
Project("{9A19103F-16F7-4668-BE54-9A1E7A4F7556}") = "AmrEcommerce", "AmrEcommerce\AmrEcommerce.csproj", "{2D081E88-177E-49F8-A7ED-0DD6BE8E1B69}"
EndProject
Global
	GlobalSection(SolutionConfigurationPlatforms) = preSolution
		Debug|Any CPU = Debug|Any CPU
		Release|Any CPU = Release|Any CPU
	EndGlobalSection
	GlobalSection(ProjectConfigurationPlatforms) = postSolution
		{2D081E88-177E-49F8-A7ED-0DD6BE8E1B69}.Debug|Any CPU.ActiveCfg = Debug|Any CPU
		{2D081E88-177E-49F8-A7ED-0DD6BE8E1B69}.Debug|Any CPU.Build.0 = Debug|Any CPU
		{2D081E88-177E-49F8-A7ED-0DD6BE8E1B69}.Release|Any CPU.ActiveCfg = Release|Any CPU
		{2D081E88-177E-49F8-A7ED-0DD6BE8E1B69}.Release|Any CPU.Build.0 = Release|Any CPU
	EndGlobalSection
	GlobalSection(SolutionProperties) = preSolution
		HideSolutionNode = FALSE
	EndGlobalSection
	GlobalSection(ExtensibilityGlobals) = postSolution
		SolutionGuid = {D3DE9BDD-5630-485E-9D05-792DD597C581}
	EndGlobalSection
EndGlobal
